// !$*UTF8*$!
{
	archiveVersion = 1;
	classes = {
	};
	objectVersion = 52;
	objects = {

/* Begin PBXBuildFile section */
		060782B2250CE27700A87020 /* AppDelegate.swift in Sources */ = {isa = PBXBuildFile; fileRef = 060782B1250CE27700A87020 /* AppDelegate.swift */; };
		060782B4250CE27700A87020 /* SceneDelegate.swift in Sources */ = {isa = PBXBuildFile; fileRef = 060782B3250CE27700A87020 /* SceneDelegate.swift */; };
		060782B6250CE27700A87020 /* FeedViewController.swift in Sources */ = {isa = PBXBuildFile; fileRef = 060782B5250CE27700A87020 /* FeedViewController.swift */; };
		060782BE250CE27A00A87020 /* LaunchScreen.storyboard in Resources */ = {isa = PBXBuildFile; fileRef = 060782BC250CE27A00A87020 /* LaunchScreen.storyboard */; };
		060782C6250CEB0A00A87020 /* InfoViewController.swift in Sources */ = {isa = PBXBuildFile; fileRef = 060782C5250CEB0A00A87020 /* InfoViewController.swift */; };
		060782C8250CEE5D00A87020 /* PostViewController.swift in Sources */ = {isa = PBXBuildFile; fileRef = 060782C7250CEE5D00A87020 /* PostViewController.swift */; };
		A4DF215CF26A9A047DCC1147 /* Pods_Navigation.framework in Frameworks */ = {isa = PBXBuildFile; fileRef = 628A282000F2097D4AF03ED9 /* Pods_Navigation.framework */; };
		A514564A2538353B00396F4B /* Alpha.swift in Sources */ = {isa = PBXBuildFile; fileRef = A51456492538353B00396F4B /* Alpha.swift */; };
		A51F824C2539D3EF002C1A63 /* Assets.xcassets in Resources */ = {isa = PBXBuildFile; fileRef = A51F824B2539D3EF002C1A63 /* Assets.xcassets */; };
		A530A35F265E5D53001768E3 /* StorageService.framework in Frameworks */ = {isa = PBXBuildFile; fileRef = A530A358265E5D53001768E3 /* StorageService.framework */; };
		A530A360265E5D53001768E3 /* StorageService.framework in Embed Frameworks */ = {isa = PBXBuildFile; fileRef = A530A358265E5D53001768E3 /* StorageService.framework */; settings = {ATTRIBUTES = (CodeSignOnCopy, RemoveHeadersOnCopy, ); }; };
		A530A368265E6015001768E3 /* Storage.swift in Sources */ = {isa = PBXBuildFile; fileRef = A530A367265E6015001768E3 /* Storage.swift */; };
		A53818BC26986AFD00BCC3AA /* CustomButton.swift in Sources */ = {isa = PBXBuildFile; fileRef = A53818BB26986AFD00BCC3AA /* CustomButton.swift */; };
		A53B4EE026BB148000582D3E /* CustomTextfield.swift in Sources */ = {isa = PBXBuildFile; fileRef = A53B4EDF26BB148000582D3E /* CustomTextfield.swift */; };
		A5433DEC26BD42E000E1F731 /* ProfileFlowCoordinator.swift in Sources */ = {isa = PBXBuildFile; fileRef = A5433DEB26BD42E000E1F731 /* ProfileFlowCoordinator.swift */; };
		A545C94D2679F07100C08CAF /* iOSIntPackage in Frameworks */ = {isa = PBXBuildFile; productRef = A545C94C2679F07100C08CAF /* iOSIntPackage */; };
		A55029612528D2F80082EDE2 /* ProfileViewController.swift in Sources */ = {isa = PBXBuildFile; fileRef = A55029602528D2F80082EDE2 /* ProfileViewController.swift */; };
		A555A99F26B991AD00C44E20 /* Help.swift in Sources */ = {isa = PBXBuildFile; fileRef = A555A99E26B991AD00C44E20 /* Help.swift */; };
		A555A9A326B99D8900C44E20 /* FeedChecker.swift in Sources */ = {isa = PBXBuildFile; fileRef = A555A9A226B99D8900C44E20 /* FeedChecker.swift */; };
		A555F4342665125A004CB9B4 /* User.swift in Sources */ = {isa = PBXBuildFile; fileRef = A555F4332665125A004CB9B4 /* User.swift */; };
		A555F4372665148D004CB9B4 /* UserService.swift in Sources */ = {isa = PBXBuildFile; fileRef = A555F4362665148D004CB9B4 /* UserService.swift */; };
		A555F43A2665150D004CB9B4 /* CurrentUserService.swift in Sources */ = {isa = PBXBuildFile; fileRef = A555F4392665150D004CB9B4 /* CurrentUserService.swift */; };
		A56AEE042678F36000F185B8 /* CheckerSingleton.swift in Sources */ = {isa = PBXBuildFile; fileRef = A56AEE032678F36000F185B8 /* CheckerSingleton.swift */; };
		A56AEE0A2678FC9100F185B8 /* LoginViewControllerDelegate.swift in Sources */ = {isa = PBXBuildFile; fileRef = A56AEE092678FC9100F185B8 /* LoginViewControllerDelegate.swift */; };
		A56AEE0D2679005E00F185B8 /* LoginInspector.swift in Sources */ = {isa = PBXBuildFile; fileRef = A56AEE0C2679005E00F185B8 /* LoginInspector.swift */; };
		A56AEE1026790B2300F185B8 /* LoginFactory.swift in Sources */ = {isa = PBXBuildFile; fileRef = A56AEE0F26790B2300F185B8 /* LoginFactory.swift */; };
		A56AEE1326790B8E00F185B8 /* MyLoginFactory.swift in Sources */ = {isa = PBXBuildFile; fileRef = A56AEE1226790B8E00F185B8 /* MyLoginFactory.swift */; };
		A572209527A1501000770AB4 /* RegisterViewController.swift in Sources */ = {isa = PBXBuildFile; fileRef = A572209427A1501000770AB4 /* RegisterViewController.swift */; };
		A57A6C22254C35440082E840 /* PhotosTableViewCell.swift in Sources */ = {isa = PBXBuildFile; fileRef = A57A6C21254C35440082E840 /* PhotosTableViewCell.swift */; };
		A5823A0E26BBE91000336E6F /* TabBarController.swift in Sources */ = {isa = PBXBuildFile; fileRef = A5823A0D26BBE91000336E6F /* TabBarController.swift */; };
		A5823A1326BBE9F700336E6F /* MainCoordinator.swift in Sources */ = {isa = PBXBuildFile; fileRef = A5823A1226BBE9F700336E6F /* MainCoordinator.swift */; };
		A5823A1626BBEA9C00336E6F /* CoordinatorProtocol.swift in Sources */ = {isa = PBXBuildFile; fileRef = A5823A1526BBEA9C00336E6F /* CoordinatorProtocol.swift */; };
		A5823A1A26BC0D0500336E6F /* FeedFlowCoordinator.swift in Sources */ = {isa = PBXBuildFile; fileRef = A5823A1926BC0D0500336E6F /* FeedFlowCoordinator.swift */; };
		A58D08C327BD1B3E000C6D1E /* FavoriteViewController.swift in Sources */ = {isa = PBXBuildFile; fileRef = A58D08C227BD1B3E000C6D1E /* FavoriteViewController.swift */; };
		A58D08C627BD1CE4000C6D1E /* FavoriteFlowCoordinator.swift in Sources */ = {isa = PBXBuildFile; fileRef = A58D08C527BD1CE4000C6D1E /* FavoriteFlowCoordinator.swift */; };
		A58D08EC27BD2738000C6D1E /* CoreDataModel.xcdatamodeld in Sources */ = {isa = PBXBuildFile; fileRef = A58D08EA27BD2738000C6D1E /* CoreDataModel.xcdatamodeld */; };
		A58D08EE27BD2EEB000C6D1E /* PostDataModel.swift in Sources */ = {isa = PBXBuildFile; fileRef = A58D08ED27BD2EEB000C6D1E /* PostDataModel.swift */; };
		A59D01EE2537870E00EA3C75 /* LogInViewController.swift in Sources */ = {isa = PBXBuildFile; fileRef = A59D01ED2537870E00EA3C75 /* LogInViewController.swift */; };
		A5AF7133254ECFD4008231D1 /* PhotosViewController.swift in Sources */ = {isa = PBXBuildFile; fileRef = A5AF7132254ECFD4008231D1 /* PhotosViewController.swift */; };
		A5AF7135254F0531008231D1 /* PhotosCollectionViewCell.swift in Sources */ = {isa = PBXBuildFile; fileRef = A5AF7134254F0531008231D1 /* PhotosCollectionViewCell.swift */; };
		A5B3C9332549A5C300499FF8 /* PostTableViewCell.swift in Sources */ = {isa = PBXBuildFile; fileRef = A5B3C9322549A5C300499FF8 /* PostTableViewCell.swift */; };
		A5B3C9352549ABD000499FF8 /* ProfileTableHederView.swift in Sources */ = {isa = PBXBuildFile; fileRef = A5B3C9342549ABD000499FF8 /* ProfileTableHederView.swift */; };
		A5C1F5DF27A2E49C00D076CE /* GoogleService-Info.plist in Resources */ = {isa = PBXBuildFile; fileRef = A5C1F5DE27A2E49C00D076CE /* GoogleService-Info.plist */; };
		A5E30F162662609400FF78A2 /* Post.swift in Sources */ = {isa = PBXBuildFile; fileRef = A5E30F132662604400FF78A2 /* Post.swift */; };
		A5F5777227B7B7DD00E6613E /* AuthorizationModel.swift in Sources */ = {isa = PBXBuildFile; fileRef = A5F5777127B7B7DD00E6613E /* AuthorizationModel.swift */; };
		ACB3F5FC2E31F53FEB2A186E /* Pods_StorageService.framework in Frameworks */ = {isa = PBXBuildFile; fileRef = E00604E214FE286B25F3ADE8 /* Pods_StorageService.framework */; };
/* End PBXBuildFile section */

/* Begin PBXContainerItemProxy section */
		A530A35D265E5D53001768E3 /* PBXContainerItemProxy */ = {
			isa = PBXContainerItemProxy;
			containerPortal = 060782A6250CE27700A87020 /* Project object */;
			proxyType = 1;
			remoteGlobalIDString = A530A357265E5D53001768E3;
			remoteInfo = StorageService;
		};
/* End PBXContainerItemProxy section */

/* Begin PBXCopyFilesBuildPhase section */
		A530A361265E5D53001768E3 /* Embed Frameworks */ = {
			isa = PBXCopyFilesBuildPhase;
			buildActionMask = 2147483647;
			dstPath = "";
			dstSubfolderSpec = 10;
			files = (
				A530A360265E5D53001768E3 /* StorageService.framework in Embed Frameworks */,
			);
			name = "Embed Frameworks";
			runOnlyForDeploymentPostprocessing = 0;
		};
/* End PBXCopyFilesBuildPhase section */

/* Begin PBXFileReference section */
		060782AE250CE27700A87020 /* Navigation.app */ = {isa = PBXFileReference; explicitFileType = wrapper.application; includeInIndex = 0; path = Navigation.app; sourceTree = BUILT_PRODUCTS_DIR; };
		060782B1250CE27700A87020 /* AppDelegate.swift */ = {isa = PBXFileReference; lastKnownFileType = sourcecode.swift; path = AppDelegate.swift; sourceTree = "<group>"; };
		060782B3250CE27700A87020 /* SceneDelegate.swift */ = {isa = PBXFileReference; lastKnownFileType = sourcecode.swift; path = SceneDelegate.swift; sourceTree = "<group>"; };
		060782B5250CE27700A87020 /* FeedViewController.swift */ = {isa = PBXFileReference; lastKnownFileType = sourcecode.swift; path = FeedViewController.swift; sourceTree = "<group>"; };
		060782BD250CE27A00A87020 /* Base */ = {isa = PBXFileReference; lastKnownFileType = file.storyboard; name = Base; path = Base.lproj/LaunchScreen.storyboard; sourceTree = "<group>"; };
		060782BF250CE27A00A87020 /* Info.plist */ = {isa = PBXFileReference; lastKnownFileType = text.plist.xml; path = Info.plist; sourceTree = "<group>"; };
		060782C5250CEB0A00A87020 /* InfoViewController.swift */ = {isa = PBXFileReference; lastKnownFileType = sourcecode.swift; path = InfoViewController.swift; sourceTree = "<group>"; };
		060782C7250CEE5D00A87020 /* PostViewController.swift */ = {isa = PBXFileReference; lastKnownFileType = sourcecode.swift; path = PostViewController.swift; sourceTree = "<group>"; };
		118D5B63449BD43419CAF4CC /* Pods-Navigation.release.xcconfig */ = {isa = PBXFileReference; includeInIndex = 1; lastKnownFileType = text.xcconfig; name = "Pods-Navigation.release.xcconfig"; path = "Target Support Files/Pods-Navigation/Pods-Navigation.release.xcconfig"; sourceTree = "<group>"; };
		362D9421A265B34314E6901C /* Pods-Navigation.debug.xcconfig */ = {isa = PBXFileReference; includeInIndex = 1; lastKnownFileType = text.xcconfig; name = "Pods-Navigation.debug.xcconfig"; path = "Target Support Files/Pods-Navigation/Pods-Navigation.debug.xcconfig"; sourceTree = "<group>"; };
		5B97DD098053EAD69C81983A /* Pods-StorageService.release.xcconfig */ = {isa = PBXFileReference; includeInIndex = 1; lastKnownFileType = text.xcconfig; name = "Pods-StorageService.release.xcconfig"; path = "Target Support Files/Pods-StorageService/Pods-StorageService.release.xcconfig"; sourceTree = "<group>"; };
		628A282000F2097D4AF03ED9 /* Pods_Navigation.framework */ = {isa = PBXFileReference; explicitFileType = wrapper.framework; includeInIndex = 0; path = Pods_Navigation.framework; sourceTree = BUILT_PRODUCTS_DIR; };
		A51456492538353B00396F4B /* Alpha.swift */ = {isa = PBXFileReference; lastKnownFileType = sourcecode.swift; path = Alpha.swift; sourceTree = "<group>"; };
		A51F824B2539D3EF002C1A63 /* Assets.xcassets */ = {isa = PBXFileReference; lastKnownFileType = folder.assetcatalog; path = Assets.xcassets; sourceTree = "<group>"; };
		A530A358265E5D53001768E3 /* StorageService.framework */ = {isa = PBXFileReference; explicitFileType = wrapper.framework; includeInIndex = 0; path = StorageService.framework; sourceTree = BUILT_PRODUCTS_DIR; };
		A530A35B265E5D53001768E3 /* Info.plist */ = {isa = PBXFileReference; lastKnownFileType = text.plist.xml; path = Info.plist; sourceTree = "<group>"; };
		A530A367265E6015001768E3 /* Storage.swift */ = {isa = PBXFileReference; lastKnownFileType = sourcecode.swift; path = Storage.swift; sourceTree = "<group>"; };
		A53818BB26986AFD00BCC3AA /* CustomButton.swift */ = {isa = PBXFileReference; lastKnownFileType = sourcecode.swift; path = CustomButton.swift; sourceTree = "<group>"; };
		A53B4EDF26BB148000582D3E /* CustomTextfield.swift */ = {isa = PBXFileReference; lastKnownFileType = sourcecode.swift; path = CustomTextfield.swift; sourceTree = "<group>"; };
		A5433DEB26BD42E000E1F731 /* ProfileFlowCoordinator.swift */ = {isa = PBXFileReference; lastKnownFileType = sourcecode.swift; path = ProfileFlowCoordinator.swift; sourceTree = "<group>"; };
		A55029602528D2F80082EDE2 /* ProfileViewController.swift */ = {isa = PBXFileReference; lastKnownFileType = sourcecode.swift; path = ProfileViewController.swift; sourceTree = "<group>"; };
		A555A99E26B991AD00C44E20 /* Help.swift */ = {isa = PBXFileReference; lastKnownFileType = sourcecode.swift; path = Help.swift; sourceTree = "<group>"; };
		A555A9A226B99D8900C44E20 /* FeedChecker.swift */ = {isa = PBXFileReference; lastKnownFileType = sourcecode.swift; path = FeedChecker.swift; sourceTree = "<group>"; };
		A555F4332665125A004CB9B4 /* User.swift */ = {isa = PBXFileReference; lastKnownFileType = sourcecode.swift; path = User.swift; sourceTree = "<group>"; };
		A555F4362665148D004CB9B4 /* UserService.swift */ = {isa = PBXFileReference; lastKnownFileType = sourcecode.swift; path = UserService.swift; sourceTree = "<group>"; };
		A555F4392665150D004CB9B4 /* CurrentUserService.swift */ = {isa = PBXFileReference; lastKnownFileType = sourcecode.swift; path = CurrentUserService.swift; sourceTree = "<group>"; };
		A56AEE032678F36000F185B8 /* CheckerSingleton.swift */ = {isa = PBXFileReference; lastKnownFileType = sourcecode.swift; path = CheckerSingleton.swift; sourceTree = "<group>"; };
		A56AEE092678FC9100F185B8 /* LoginViewControllerDelegate.swift */ = {isa = PBXFileReference; lastKnownFileType = sourcecode.swift; path = LoginViewControllerDelegate.swift; sourceTree = "<group>"; };
		A56AEE0C2679005E00F185B8 /* LoginInspector.swift */ = {isa = PBXFileReference; lastKnownFileType = sourcecode.swift; path = LoginInspector.swift; sourceTree = "<group>"; };
		A56AEE0F26790B2300F185B8 /* LoginFactory.swift */ = {isa = PBXFileReference; lastKnownFileType = sourcecode.swift; path = LoginFactory.swift; sourceTree = "<group>"; };
		A56AEE1226790B8E00F185B8 /* MyLoginFactory.swift */ = {isa = PBXFileReference; lastKnownFileType = sourcecode.swift; path = MyLoginFactory.swift; sourceTree = "<group>"; };
		A572209427A1501000770AB4 /* RegisterViewController.swift */ = {isa = PBXFileReference; lastKnownFileType = sourcecode.swift; path = RegisterViewController.swift; sourceTree = "<group>"; };
		A57A6C21254C35440082E840 /* PhotosTableViewCell.swift */ = {isa = PBXFileReference; lastKnownFileType = sourcecode.swift; path = PhotosTableViewCell.swift; sourceTree = "<group>"; };
		A5823A0D26BBE91000336E6F /* TabBarController.swift */ = {isa = PBXFileReference; lastKnownFileType = sourcecode.swift; path = TabBarController.swift; sourceTree = "<group>"; };
		A5823A1226BBE9F700336E6F /* MainCoordinator.swift */ = {isa = PBXFileReference; lastKnownFileType = sourcecode.swift; path = MainCoordinator.swift; sourceTree = "<group>"; };
		A5823A1526BBEA9C00336E6F /* CoordinatorProtocol.swift */ = {isa = PBXFileReference; lastKnownFileType = sourcecode.swift; path = CoordinatorProtocol.swift; sourceTree = "<group>"; };
		A5823A1926BC0D0500336E6F /* FeedFlowCoordinator.swift */ = {isa = PBXFileReference; lastKnownFileType = sourcecode.swift; path = FeedFlowCoordinator.swift; sourceTree = "<group>"; };
		A58D08C227BD1B3E000C6D1E /* FavoriteViewController.swift */ = {isa = PBXFileReference; lastKnownFileType = sourcecode.swift; path = FavoriteViewController.swift; sourceTree = "<group>"; };
		A58D08C527BD1CE4000C6D1E /* FavoriteFlowCoordinator.swift */ = {isa = PBXFileReference; lastKnownFileType = sourcecode.swift; path = FavoriteFlowCoordinator.swift; sourceTree = "<group>"; };
		A58D08EB27BD2738000C6D1E /* CoreDataModel.xcdatamodel */ = {isa = PBXFileReference; lastKnownFileType = wrapper.xcdatamodel; path = CoreDataModel.xcdatamodel; sourceTree = "<group>"; };
		A58D08ED27BD2EEB000C6D1E /* PostDataModel.swift */ = {isa = PBXFileReference; lastKnownFileType = sourcecode.swift; path = PostDataModel.swift; sourceTree = "<group>"; };
		A59D01ED2537870E00EA3C75 /* LogInViewController.swift */ = {isa = PBXFileReference; lastKnownFileType = sourcecode.swift; path = LogInViewController.swift; sourceTree = "<group>"; };
		A5AF7132254ECFD4008231D1 /* PhotosViewController.swift */ = {isa = PBXFileReference; lastKnownFileType = sourcecode.swift; path = PhotosViewController.swift; sourceTree = "<group>"; };
		A5AF7134254F0531008231D1 /* PhotosCollectionViewCell.swift */ = {isa = PBXFileReference; lastKnownFileType = sourcecode.swift; path = PhotosCollectionViewCell.swift; sourceTree = "<group>"; };
		A5B3C9322549A5C300499FF8 /* PostTableViewCell.swift */ = {isa = PBXFileReference; lastKnownFileType = sourcecode.swift; path = PostTableViewCell.swift; sourceTree = "<group>"; };
		A5B3C9342549ABD000499FF8 /* ProfileTableHederView.swift */ = {isa = PBXFileReference; lastKnownFileType = sourcecode.swift; path = ProfileTableHederView.swift; sourceTree = "<group>"; };
		A5C1F5DE27A2E49C00D076CE /* GoogleService-Info.plist */ = {isa = PBXFileReference; fileEncoding = 4; lastKnownFileType = text.plist.xml; path = "GoogleService-Info.plist"; sourceTree = "<group>"; };
		A5E30F132662604400FF78A2 /* Post.swift */ = {isa = PBXFileReference; lastKnownFileType = sourcecode.swift; path = Post.swift; sourceTree = "<group>"; };
		A5F5777127B7B7DD00E6613E /* AuthorizationModel.swift */ = {isa = PBXFileReference; lastKnownFileType = sourcecode.swift; path = AuthorizationModel.swift; sourceTree = "<group>"; };
		A7F8FB74D5928A1FC3FD4123 /* Pods-StorageService.debug.xcconfig */ = {isa = PBXFileReference; includeInIndex = 1; lastKnownFileType = text.xcconfig; name = "Pods-StorageService.debug.xcconfig"; path = "Target Support Files/Pods-StorageService/Pods-StorageService.debug.xcconfig"; sourceTree = "<group>"; };
		E00604E214FE286B25F3ADE8 /* Pods_StorageService.framework */ = {isa = PBXFileReference; explicitFileType = wrapper.framework; includeInIndex = 0; path = Pods_StorageService.framework; sourceTree = BUILT_PRODUCTS_DIR; };
/* End PBXFileReference section */

/* Begin PBXFrameworksBuildPhase section */
		060782AB250CE27700A87020 /* Frameworks */ = {
			isa = PBXFrameworksBuildPhase;
			buildActionMask = 2147483647;
			files = (
				A530A35F265E5D53001768E3 /* StorageService.framework in Frameworks */,
				A545C94D2679F07100C08CAF /* iOSIntPackage in Frameworks */,
				A4DF215CF26A9A047DCC1147 /* Pods_Navigation.framework in Frameworks */,
			);
			runOnlyForDeploymentPostprocessing = 0;
		};
		A530A355265E5D53001768E3 /* Frameworks */ = {
			isa = PBXFrameworksBuildPhase;
			buildActionMask = 2147483647;
			files = (
				ACB3F5FC2E31F53FEB2A186E /* Pods_StorageService.framework in Frameworks */,
			);
			runOnlyForDeploymentPostprocessing = 0;
		};
/* End PBXFrameworksBuildPhase section */

/* Begin PBXGroup section */
		026CC252086373D835111711 /* Pods */ = {
			isa = PBXGroup;
			children = (
				362D9421A265B34314E6901C /* Pods-Navigation.debug.xcconfig */,
				118D5B63449BD43419CAF4CC /* Pods-Navigation.release.xcconfig */,
				A7F8FB74D5928A1FC3FD4123 /* Pods-StorageService.debug.xcconfig */,
				5B97DD098053EAD69C81983A /* Pods-StorageService.release.xcconfig */,
			);
			path = Pods;
			sourceTree = "<group>";
		};
		060782A5250CE27700A87020 = {
			isa = PBXGroup;
			children = (
				060782B0250CE27700A87020 /* Navigation */,
				A530A359265E5D53001768E3 /* StorageService */,
				060782AF250CE27700A87020 /* Products */,
				026CC252086373D835111711 /* Pods */,
				62CDEC0A20A65E2D9650571D /* Frameworks */,
			);
			sourceTree = "<group>";
		};
		060782AF250CE27700A87020 /* Products */ = {
			isa = PBXGroup;
			children = (
				060782AE250CE27700A87020 /* Navigation.app */,
				A530A358265E5D53001768E3 /* StorageService.framework */,
			);
			name = Products;
			sourceTree = "<group>";
		};
		060782B0250CE27700A87020 /* Navigation */ = {
			isa = PBXGroup;
			children = (
				A572209627A1501F00770AB4 /* Register */,
				A5433DF226BD60D300E1F731 /* Help */,
				A5433DF126BD60BA00E1F731 /* Models */,
				A5823A1026BBE91900336E6F /* Navigation */,
				A56AEE022678F33400F185B8 /* LoginChecker */,
				A56AEDFE2678EE9000F185B8 /* Users */,
				A550295D2528D2740082EDE2 /* Profile */,
				A56AEE002678EEFF00F185B8 /* Feed */,
				A58D08C427BD1B57000C6D1E /* FavoriteTab */,
				060782B1250CE27700A87020 /* AppDelegate.swift */,
				060782B3250CE27700A87020 /* SceneDelegate.swift */,
				A51F824B2539D3EF002C1A63 /* Assets.xcassets */,
				060782BC250CE27A00A87020 /* LaunchScreen.storyboard */,
				A5C1F5DE27A2E49C00D076CE /* GoogleService-Info.plist */,
				060782BF250CE27A00A87020 /* Info.plist */,
			);
			path = Navigation;
			sourceTree = "<group>";
		};
		62CDEC0A20A65E2D9650571D /* Frameworks */ = {
			isa = PBXGroup;
			children = (
				628A282000F2097D4AF03ED9 /* Pods_Navigation.framework */,
				E00604E214FE286B25F3ADE8 /* Pods_StorageService.framework */,
			);
			name = Frameworks;
			sourceTree = "<group>";
		};
		A530A359265E5D53001768E3 /* StorageService */ = {
			isa = PBXGroup;
			children = (
				A530A35B265E5D53001768E3 /* Info.plist */,
				A5E30F132662604400FF78A2 /* Post.swift */,
				A530A367265E6015001768E3 /* Storage.swift */,
			);
			path = StorageService;
			sourceTree = "<group>";
		};
		A5433DF126BD60BA00E1F731 /* Models */ = {
			isa = PBXGroup;
			children = (
				A53818BB26986AFD00BCC3AA /* CustomButton.swift */,
				A53B4EDF26BB148000582D3E /* CustomTextfield.swift */,
				A5F5777127B7B7DD00E6613E /* AuthorizationModel.swift */,
				A58D08EA27BD2738000C6D1E /* CoreDataModel.xcdatamodeld */,
				A58D08ED27BD2EEB000C6D1E /* PostDataModel.swift */,
			);
			path = Models;
			sourceTree = "<group>";
		};
		A5433DF226BD60D300E1F731 /* Help */ = {
			isa = PBXGroup;
			children = (
				A51456492538353B00396F4B /* Alpha.swift */,
				A555A99E26B991AD00C44E20 /* Help.swift */,
			);
			path = Help;
			sourceTree = "<group>";
		};
		A550295D2528D2740082EDE2 /* Profile */ = {
			isa = PBXGroup;
			children = (
				A5B3C9342549ABD000499FF8 /* ProfileTableHederView.swift */,
				A57A6C21254C35440082E840 /* PhotosTableViewCell.swift */,
				A5B3C9322549A5C300499FF8 /* PostTableViewCell.swift */,
				A5AF7134254F0531008231D1 /* PhotosCollectionViewCell.swift */,
				A59D01ED2537870E00EA3C75 /* LogInViewController.swift */,
				A55029602528D2F80082EDE2 /* ProfileViewController.swift */,
				A5AF7132254ECFD4008231D1 /* PhotosViewController.swift */,
			);
			path = Profile;
			sourceTree = "<group>";
		};
		A56AEDFE2678EE9000F185B8 /* Users */ = {
			isa = PBXGroup;
			children = (
				A555F4332665125A004CB9B4 /* User.swift */,
				A555F4362665148D004CB9B4 /* UserService.swift */,
				A555F4392665150D004CB9B4 /* CurrentUserService.swift */,
			);
			path = Users;
			sourceTree = "<group>";
		};
		A56AEE002678EEFF00F185B8 /* Feed */ = {
			isa = PBXGroup;
			children = (
				060782B5250CE27700A87020 /* FeedViewController.swift */,
				060782C5250CEB0A00A87020 /* InfoViewController.swift */,
				060782C7250CEE5D00A87020 /* PostViewController.swift */,
				A555A9A226B99D8900C44E20 /* FeedChecker.swift */,
			);
			path = Feed;
			sourceTree = "<group>";
		};
		A56AEE022678F33400F185B8 /* LoginChecker */ = {
			isa = PBXGroup;
			children = (
				A56AEE032678F36000F185B8 /* CheckerSingleton.swift */,
				A56AEE092678FC9100F185B8 /* LoginViewControllerDelegate.swift */,
				A56AEE0C2679005E00F185B8 /* LoginInspector.swift */,
				A56AEE0F26790B2300F185B8 /* LoginFactory.swift */,
				A56AEE1226790B8E00F185B8 /* MyLoginFactory.swift */,
			);
			path = LoginChecker;
			sourceTree = "<group>";
		};
		A572209627A1501F00770AB4 /* Register */ = {
			isa = PBXGroup;
			children = (
				A572209427A1501000770AB4 /* RegisterViewController.swift */,
			);
			path = Register;
			sourceTree = "<group>";
		};
		A5823A1026BBE91900336E6F /* Navigation */ = {
			isa = PBXGroup;
			children = (
				A5823A0D26BBE91000336E6F /* TabBarController.swift */,
				A5823A1226BBE9F700336E6F /* MainCoordinator.swift */,
				A5823A1526BBEA9C00336E6F /* CoordinatorProtocol.swift */,
				A5823A1926BC0D0500336E6F /* FeedFlowCoordinator.swift */,
				A5433DEB26BD42E000E1F731 /* ProfileFlowCoordinator.swift */,
				A58D08C527BD1CE4000C6D1E /* FavoriteFlowCoordinator.swift */,
			);
			path = Navigation;
			sourceTree = "<group>";
		};
		A58D08C427BD1B57000C6D1E /* FavoriteTab */ = {
			isa = PBXGroup;
			children = (
				A58D08C227BD1B3E000C6D1E /* FavoriteViewController.swift */,
			);
			path = FavoriteTab;
			sourceTree = "<group>";
		};
/* End PBXGroup section */

/* Begin PBXHeadersBuildPhase section */
		A530A353265E5D53001768E3 /* Headers */ = {
			isa = PBXHeadersBuildPhase;
			buildActionMask = 2147483647;
			files = (
			);
			runOnlyForDeploymentPostprocessing = 0;
		};
/* End PBXHeadersBuildPhase section */

/* Begin PBXNativeTarget section */
		060782AD250CE27700A87020 /* Navigation */ = {
			isa = PBXNativeTarget;
			buildConfigurationList = 060782C2250CE27A00A87020 /* Build configuration list for PBXNativeTarget "Navigation" */;
			buildPhases = (
				D28A4E5BFE2D1050CE1F8FA5 /* [CP] Check Pods Manifest.lock */,
				060782AA250CE27700A87020 /* Sources */,
				060782AB250CE27700A87020 /* Frameworks */,
				060782AC250CE27700A87020 /* Resources */,
				A530A361265E5D53001768E3 /* Embed Frameworks */,
				5FC1CE94CBC7315F744B4F49 /* [CP] Embed Pods Frameworks */,
			);
			buildRules = (
			);
			dependencies = (
				A530A35E265E5D53001768E3 /* PBXTargetDependency */,
			);
			name = Navigation;
			packageProductDependencies = (
				A545C94C2679F07100C08CAF /* iOSIntPackage */,
			);
			productName = Navigation;
			productReference = 060782AE250CE27700A87020 /* Navigation.app */;
			productType = "com.apple.product-type.application";
		};
		A530A357265E5D53001768E3 /* StorageService */ = {
			isa = PBXNativeTarget;
			buildConfigurationList = A530A364265E5D53001768E3 /* Build configuration list for PBXNativeTarget "StorageService" */;
			buildPhases = (
				7F817F73E567FB973D538A28 /* [CP] Check Pods Manifest.lock */,
				A530A353265E5D53001768E3 /* Headers */,
				A530A354265E5D53001768E3 /* Sources */,
				A530A355265E5D53001768E3 /* Frameworks */,
				A530A356265E5D53001768E3 /* Resources */,
			);
			buildRules = (
			);
			dependencies = (
			);
			name = StorageService;
			productName = StorageService;
			productReference = A530A358265E5D53001768E3 /* StorageService.framework */;
			productType = "com.apple.product-type.framework";
		};
/* End PBXNativeTarget section */

/* Begin PBXProject section */
		060782A6250CE27700A87020 /* Project object */ = {
			isa = PBXProject;
			attributes = {
				LastSwiftUpdateCheck = 1170;
				LastUpgradeCheck = 1230;
				ORGANIZATIONNAME = "Artem Novichkov";
				TargetAttributes = {
					060782AD250CE27700A87020 = {
						CreatedOnToolsVersion = 11.7;
					};
					A530A357265E5D53001768E3 = {
						CreatedOnToolsVersion = 12.3;
						LastSwiftMigration = 1230;
					};
				};
			};
			buildConfigurationList = 060782A9250CE27700A87020 /* Build configuration list for PBXProject "Navigation" */;
			compatibilityVersion = "Xcode 9.3";
			developmentRegion = en;
			hasScannedForEncodings = 0;
			knownRegions = (
				en,
				Base,
			);
			mainGroup = 060782A5250CE27700A87020;
			packageReferences = (
				A545C94B2679F07100C08CAF /* XCRemoteSwiftPackageReference "iOSIntPackage" */,
			);
			productRefGroup = 060782AF250CE27700A87020 /* Products */;
			projectDirPath = "";
			projectRoot = "";
			targets = (
				060782AD250CE27700A87020 /* Navigation */,
				A530A357265E5D53001768E3 /* StorageService */,
			);
		};
/* End PBXProject section */

/* Begin PBXResourcesBuildPhase section */
		060782AC250CE27700A87020 /* Resources */ = {
			isa = PBXResourcesBuildPhase;
			buildActionMask = 2147483647;
			files = (
				060782BE250CE27A00A87020 /* LaunchScreen.storyboard in Resources */,
				A51F824C2539D3EF002C1A63 /* Assets.xcassets in Resources */,
				A5C1F5DF27A2E49C00D076CE /* GoogleService-Info.plist in Resources */,
			);
			runOnlyForDeploymentPostprocessing = 0;
		};
		A530A356265E5D53001768E3 /* Resources */ = {
			isa = PBXResourcesBuildPhase;
			buildActionMask = 2147483647;
			files = (
			);
			runOnlyForDeploymentPostprocessing = 0;
		};
/* End PBXResourcesBuildPhase section */

/* Begin PBXShellScriptBuildPhase section */
		5FC1CE94CBC7315F744B4F49 /* [CP] Embed Pods Frameworks */ = {
			isa = PBXShellScriptBuildPhase;
			buildActionMask = 2147483647;
			files = (
			);
			inputFileListPaths = (
				"${PODS_ROOT}/Target Support Files/Pods-Navigation/Pods-Navigation-frameworks-${CONFIGURATION}-input-files.xcfilelist",
			);
			name = "[CP] Embed Pods Frameworks";
			outputFileListPaths = (
				"${PODS_ROOT}/Target Support Files/Pods-Navigation/Pods-Navigation-frameworks-${CONFIGURATION}-output-files.xcfilelist",
			);
			runOnlyForDeploymentPostprocessing = 0;
			shellPath = /bin/sh;
			shellScript = "\"${PODS_ROOT}/Target Support Files/Pods-Navigation/Pods-Navigation-frameworks.sh\"\n";
			showEnvVarsInLog = 0;
		};
		7F817F73E567FB973D538A28 /* [CP] Check Pods Manifest.lock */ = {
			isa = PBXShellScriptBuildPhase;
			buildActionMask = 2147483647;
			files = (
			);
			inputFileListPaths = (
			);
			inputPaths = (
				"${PODS_PODFILE_DIR_PATH}/Podfile.lock",
				"${PODS_ROOT}/Manifest.lock",
			);
			name = "[CP] Check Pods Manifest.lock";
			outputFileListPaths = (
			);
			outputPaths = (
				"$(DERIVED_FILE_DIR)/Pods-StorageService-checkManifestLockResult.txt",
			);
			runOnlyForDeploymentPostprocessing = 0;
			shellPath = /bin/sh;
			shellScript = "diff \"${PODS_PODFILE_DIR_PATH}/Podfile.lock\" \"${PODS_ROOT}/Manifest.lock\" > /dev/null\nif [ $? != 0 ] ; then\n    # print error to STDERR\n    echo \"error: The sandbox is not in sync with the Podfile.lock. Run 'pod install' or update your CocoaPods installation.\" >&2\n    exit 1\nfi\n# This output is used by Xcode 'outputs' to avoid re-running this script phase.\necho \"SUCCESS\" > \"${SCRIPT_OUTPUT_FILE_0}\"\n";
			showEnvVarsInLog = 0;
		};
		D28A4E5BFE2D1050CE1F8FA5 /* [CP] Check Pods Manifest.lock */ = {
			isa = PBXShellScriptBuildPhase;
			buildActionMask = 2147483647;
			files = (
			);
			inputFileListPaths = (
			);
			inputPaths = (
				"${PODS_PODFILE_DIR_PATH}/Podfile.lock",
				"${PODS_ROOT}/Manifest.lock",
			);
			name = "[CP] Check Pods Manifest.lock";
			outputFileListPaths = (
			);
			outputPaths = (
				"$(DERIVED_FILE_DIR)/Pods-Navigation-checkManifestLockResult.txt",
			);
			runOnlyForDeploymentPostprocessing = 0;
			shellPath = /bin/sh;
			shellScript = "diff \"${PODS_PODFILE_DIR_PATH}/Podfile.lock\" \"${PODS_ROOT}/Manifest.lock\" > /dev/null\nif [ $? != 0 ] ; then\n    # print error to STDERR\n    echo \"error: The sandbox is not in sync with the Podfile.lock. Run 'pod install' or update your CocoaPods installation.\" >&2\n    exit 1\nfi\n# This output is used by Xcode 'outputs' to avoid re-running this script phase.\necho \"SUCCESS\" > \"${SCRIPT_OUTPUT_FILE_0}\"\n";
			showEnvVarsInLog = 0;
		};
/* End PBXShellScriptBuildPhase section */

/* Begin PBXSourcesBuildPhase section */
		060782AA250CE27700A87020 /* Sources */ = {
			isa = PBXSourcesBuildPhase;
			buildActionMask = 2147483647;
			files = (
				A58D08C627BD1CE4000C6D1E /* FavoriteFlowCoordinator.swift in Sources */,
				060782B6250CE27700A87020 /* FeedViewController.swift in Sources */,
				A5823A0E26BBE91000336E6F /* TabBarController.swift in Sources */,
				A56AEE042678F36000F185B8 /* CheckerSingleton.swift in Sources */,
				060782B2250CE27700A87020 /* AppDelegate.swift in Sources */,
				A59D01EE2537870E00EA3C75 /* LogInViewController.swift in Sources */,
				A56AEE1326790B8E00F185B8 /* MyLoginFactory.swift in Sources */,
				A58D08EE27BD2EEB000C6D1E /* PostDataModel.swift in Sources */,
				060782C6250CEB0A00A87020 /* InfoViewController.swift in Sources */,
				A56AEE0D2679005E00F185B8 /* LoginInspector.swift in Sources */,
				A514564A2538353B00396F4B /* Alpha.swift in Sources */,
				A5823A1A26BC0D0500336E6F /* FeedFlowCoordinator.swift in Sources */,
				A5433DEC26BD42E000E1F731 /* ProfileFlowCoordinator.swift in Sources */,
				A5B3C9352549ABD000499FF8 /* ProfileTableHederView.swift in Sources */,
				A555F43A2665150D004CB9B4 /* CurrentUserService.swift in Sources */,
				A555F4342665125A004CB9B4 /* User.swift in Sources */,
				060782B4250CE27700A87020 /* SceneDelegate.swift in Sources */,
				A5AF7133254ECFD4008231D1 /* PhotosViewController.swift in Sources */,
				A5823A1626BBEA9C00336E6F /* CoordinatorProtocol.swift in Sources */,
				A555A9A326B99D8900C44E20 /* FeedChecker.swift in Sources */,
				A58D08EC27BD2738000C6D1E /* CoreDataModel.xcdatamodeld in Sources */,
				A57A6C22254C35440082E840 /* PhotosTableViewCell.swift in Sources */,
				A55029612528D2F80082EDE2 /* ProfileViewController.swift in Sources */,
				A56AEE1026790B2300F185B8 /* LoginFactory.swift in Sources */,
				A5F5777227B7B7DD00E6613E /* AuthorizationModel.swift in Sources */,
				A58D08C327BD1B3E000C6D1E /* FavoriteViewController.swift in Sources */,
				A572209527A1501000770AB4 /* RegisterViewController.swift in Sources */,
				A555F4372665148D004CB9B4 /* UserService.swift in Sources */,
				A5AF7135254F0531008231D1 /* PhotosCollectionViewCell.swift in Sources */,
				A53818BC26986AFD00BCC3AA /* CustomButton.swift in Sources */,
				A56AEE0A2678FC9100F185B8 /* LoginViewControllerDelegate.swift in Sources */,
				060782C8250CEE5D00A87020 /* PostViewController.swift in Sources */,
				A5B3C9332549A5C300499FF8 /* PostTableViewCell.swift in Sources */,
				A53B4EE026BB148000582D3E /* CustomTextfield.swift in Sources */,
				A5823A1326BBE9F700336E6F /* MainCoordinator.swift in Sources */,
				A555A99F26B991AD00C44E20 /* Help.swift in Sources */,
			);
			runOnlyForDeploymentPostprocessing = 0;
		};
		A530A354265E5D53001768E3 /* Sources */ = {
			isa = PBXSourcesBuildPhase;
			buildActionMask = 2147483647;
			files = (
				A530A368265E6015001768E3 /* Storage.swift in Sources */,
				A5E30F162662609400FF78A2 /* Post.swift in Sources */,
			);
			runOnlyForDeploymentPostprocessing = 0;
		};
/* End PBXSourcesBuildPhase section */

/* Begin PBXTargetDependency section */
		A530A35E265E5D53001768E3 /* PBXTargetDependency */ = {
			isa = PBXTargetDependency;
			target = A530A357265E5D53001768E3 /* StorageService */;
			targetProxy = A530A35D265E5D53001768E3 /* PBXContainerItemProxy */;
		};
/* End PBXTargetDependency section */

/* Begin PBXVariantGroup section */
		060782BC250CE27A00A87020 /* LaunchScreen.storyboard */ = {
			isa = PBXVariantGroup;
			children = (
				060782BD250CE27A00A87020 /* Base */,
			);
			name = LaunchScreen.storyboard;
			sourceTree = "<group>";
		};
/* End PBXVariantGroup section */

/* Begin XCBuildConfiguration section */
		060782C0250CE27A00A87020 /* Debug */ = {
			isa = XCBuildConfiguration;
			buildSettings = {
				ALWAYS_SEARCH_USER_PATHS = NO;
				CLANG_ANALYZER_NONNULL = YES;
				CLANG_ANALYZER_NUMBER_OBJECT_CONVERSION = YES_AGGRESSIVE;
				CLANG_CXX_LANGUAGE_STANDARD = "gnu++14";
				CLANG_CXX_LIBRARY = "libc++";
				CLANG_ENABLE_MODULES = YES;
				CLANG_ENABLE_OBJC_ARC = YES;
				CLANG_ENABLE_OBJC_WEAK = YES;
				CLANG_WARN_BLOCK_CAPTURE_AUTORELEASING = YES;
				CLANG_WARN_BOOL_CONVERSION = YES;
				CLANG_WARN_COMMA = YES;
				CLANG_WARN_CONSTANT_CONVERSION = YES;
				CLANG_WARN_DEPRECATED_OBJC_IMPLEMENTATIONS = YES;
				CLANG_WARN_DIRECT_OBJC_ISA_USAGE = YES_ERROR;
				CLANG_WARN_DOCUMENTATION_COMMENTS = YES;
				CLANG_WARN_EMPTY_BODY = YES;
				CLANG_WARN_ENUM_CONVERSION = YES;
				CLANG_WARN_INFINITE_RECURSION = YES;
				CLANG_WARN_INT_CONVERSION = YES;
				CLANG_WARN_NON_LITERAL_NULL_CONVERSION = YES;
				CLANG_WARN_OBJC_IMPLICIT_RETAIN_SELF = YES;
				CLANG_WARN_OBJC_LITERAL_CONVERSION = YES;
				CLANG_WARN_OBJC_ROOT_CLASS = YES_ERROR;
				CLANG_WARN_QUOTED_INCLUDE_IN_FRAMEWORK_HEADER = YES;
				CLANG_WARN_RANGE_LOOP_ANALYSIS = YES;
				CLANG_WARN_STRICT_PROTOTYPES = YES;
				CLANG_WARN_SUSPICIOUS_MOVE = YES;
				CLANG_WARN_UNGUARDED_AVAILABILITY = YES_AGGRESSIVE;
				CLANG_WARN_UNREACHABLE_CODE = YES;
				CLANG_WARN__DUPLICATE_METHOD_MATCH = YES;
				COPY_PHASE_STRIP = NO;
				DEBUG_INFORMATION_FORMAT = dwarf;
				ENABLE_STRICT_OBJC_MSGSEND = YES;
				ENABLE_TESTABILITY = YES;
				GCC_C_LANGUAGE_STANDARD = gnu11;
				GCC_DYNAMIC_NO_PIC = NO;
				GCC_NO_COMMON_BLOCKS = YES;
				GCC_OPTIMIZATION_LEVEL = 0;
				GCC_PREPROCESSOR_DEFINITIONS = (
					"DEBUG=1",
					"$(inherited)",
				);
				GCC_WARN_64_TO_32_BIT_CONVERSION = YES;
				GCC_WARN_ABOUT_RETURN_TYPE = YES_ERROR;
				GCC_WARN_UNDECLARED_SELECTOR = YES;
				GCC_WARN_UNINITIALIZED_AUTOS = YES_AGGRESSIVE;
				GCC_WARN_UNUSED_FUNCTION = YES;
				GCC_WARN_UNUSED_VARIABLE = YES;
				IPHONEOS_DEPLOYMENT_TARGET = 13.5;
				MTL_ENABLE_DEBUG_INFO = INCLUDE_SOURCE;
				MTL_FAST_MATH = YES;
				ONLY_ACTIVE_ARCH = YES;
				SDKROOT = iphoneos;
				SWIFT_ACTIVE_COMPILATION_CONDITIONS = DEBUG;
				SWIFT_OPTIMIZATION_LEVEL = "-Onone";
			};
			name = Debug;
		};
		060782C1250CE27A00A87020 /* Release */ = {
			isa = XCBuildConfiguration;
			buildSettings = {
				ALWAYS_SEARCH_USER_PATHS = NO;
				CLANG_ANALYZER_NONNULL = YES;
				CLANG_ANALYZER_NUMBER_OBJECT_CONVERSION = YES_AGGRESSIVE;
				CLANG_CXX_LANGUAGE_STANDARD = "gnu++14";
				CLANG_CXX_LIBRARY = "libc++";
				CLANG_ENABLE_MODULES = YES;
				CLANG_ENABLE_OBJC_ARC = YES;
				CLANG_ENABLE_OBJC_WEAK = YES;
				CLANG_WARN_BLOCK_CAPTURE_AUTORELEASING = YES;
				CLANG_WARN_BOOL_CONVERSION = YES;
				CLANG_WARN_COMMA = YES;
				CLANG_WARN_CONSTANT_CONVERSION = YES;
				CLANG_WARN_DEPRECATED_OBJC_IMPLEMENTATIONS = YES;
				CLANG_WARN_DIRECT_OBJC_ISA_USAGE = YES_ERROR;
				CLANG_WARN_DOCUMENTATION_COMMENTS = YES;
				CLANG_WARN_EMPTY_BODY = YES;
				CLANG_WARN_ENUM_CONVERSION = YES;
				CLANG_WARN_INFINITE_RECURSION = YES;
				CLANG_WARN_INT_CONVERSION = YES;
				CLANG_WARN_NON_LITERAL_NULL_CONVERSION = YES;
				CLANG_WARN_OBJC_IMPLICIT_RETAIN_SELF = YES;
				CLANG_WARN_OBJC_LITERAL_CONVERSION = YES;
				CLANG_WARN_OBJC_ROOT_CLASS = YES_ERROR;
				CLANG_WARN_QUOTED_INCLUDE_IN_FRAMEWORK_HEADER = YES;
				CLANG_WARN_RANGE_LOOP_ANALYSIS = YES;
				CLANG_WARN_STRICT_PROTOTYPES = YES;
				CLANG_WARN_SUSPICIOUS_MOVE = YES;
				CLANG_WARN_UNGUARDED_AVAILABILITY = YES_AGGRESSIVE;
				CLANG_WARN_UNREACHABLE_CODE = YES;
				CLANG_WARN__DUPLICATE_METHOD_MATCH = YES;
				COPY_PHASE_STRIP = NO;
				DEBUG_INFORMATION_FORMAT = "dwarf-with-dsym";
				ENABLE_NS_ASSERTIONS = NO;
				ENABLE_STRICT_OBJC_MSGSEND = YES;
				GCC_C_LANGUAGE_STANDARD = gnu11;
				GCC_NO_COMMON_BLOCKS = YES;
				GCC_WARN_64_TO_32_BIT_CONVERSION = YES;
				GCC_WARN_ABOUT_RETURN_TYPE = YES_ERROR;
				GCC_WARN_UNDECLARED_SELECTOR = YES;
				GCC_WARN_UNINITIALIZED_AUTOS = YES_AGGRESSIVE;
				GCC_WARN_UNUSED_FUNCTION = YES;
				GCC_WARN_UNUSED_VARIABLE = YES;
				IPHONEOS_DEPLOYMENT_TARGET = 13.5;
				MTL_ENABLE_DEBUG_INFO = NO;
				MTL_FAST_MATH = YES;
				SDKROOT = iphoneos;
				SWIFT_COMPILATION_MODE = wholemodule;
				SWIFT_OPTIMIZATION_LEVEL = "-O";
				VALIDATE_PRODUCT = YES;
			};
			name = Release;
		};
		060782C3250CE27A00A87020 /* Debug */ = {
			isa = XCBuildConfiguration;
			baseConfigurationReference = 362D9421A265B34314E6901C /* Pods-Navigation.debug.xcconfig */;
			buildSettings = {
				ALWAYS_EMBED_SWIFT_STANDARD_LIBRARIES = YES;
				ASSETCATALOG_COMPILER_APPICON_NAME = AppIcon;
				CODE_SIGN_STYLE = Automatic;
				DEVELOPMENT_TEAM = LT772WDFTX;
				INFOPLIST_FILE = Navigation/Info.plist;
				IPHONEOS_DEPLOYMENT_TARGET = 13.5;
				LD_RUNPATH_SEARCH_PATHS = (
					"$(inherited)",
					"@executable_path/Frameworks",
				);
				PRODUCT_BUNDLE_IDENTIFIER = com.SergeyBindasov.Navigation;
				PRODUCT_NAME = "$(TARGET_NAME)";
				SWIFT_VERSION = 5.0;
				TARGETED_DEVICE_FAMILY = "1,2";
			};
			name = Debug;
		};
		060782C4250CE27A00A87020 /* Release */ = {
			isa = XCBuildConfiguration;
			baseConfigurationReference = 118D5B63449BD43419CAF4CC /* Pods-Navigation.release.xcconfig */;
			buildSettings = {
				ALWAYS_EMBED_SWIFT_STANDARD_LIBRARIES = YES;
				ASSETCATALOG_COMPILER_APPICON_NAME = AppIcon;
				CODE_SIGN_STYLE = Automatic;
				DEVELOPMENT_TEAM = LT772WDFTX;
				INFOPLIST_FILE = Navigation/Info.plist;
				IPHONEOS_DEPLOYMENT_TARGET = 13.5;
				LD_RUNPATH_SEARCH_PATHS = (
					"$(inherited)",
					"@executable_path/Frameworks",
				);
				PRODUCT_BUNDLE_IDENTIFIER = com.SergeyBindasov.Navigation;
				PRODUCT_NAME = "$(TARGET_NAME)";
				SWIFT_VERSION = 5.0;
				TARGETED_DEVICE_FAMILY = "1,2";
			};
			name = Release;
		};
		A530A362265E5D53001768E3 /* Debug */ = {
			isa = XCBuildConfiguration;
			baseConfigurationReference = A7F8FB74D5928A1FC3FD4123 /* Pods-StorageService.debug.xcconfig */;
			buildSettings = {
				CLANG_ENABLE_MODULES = YES;
				CLANG_WARN_QUOTED_INCLUDE_IN_FRAMEWORK_HEADER = YES;
				CODE_SIGN_STYLE = Automatic;
				CURRENT_PROJECT_VERSION = 1;
				DEFINES_MODULE = YES;
				DEVELOPMENT_TEAM = 79RZ866842;
				DYLIB_COMPATIBILITY_VERSION = 1;
				DYLIB_CURRENT_VERSION = 1;
				DYLIB_INSTALL_NAME_BASE = "@rpath";
				INFOPLIST_FILE = StorageService/Info.plist;
				INSTALL_PATH = "$(LOCAL_LIBRARY_DIR)/Frameworks";
				IPHONEOS_DEPLOYMENT_TARGET = 13.5;
				LD_RUNPATH_SEARCH_PATHS = (
					"$(inherited)",
					"@executable_path/Frameworks",
					"@loader_path/Frameworks",
				);
				PRODUCT_BUNDLE_IDENTIFIER = blank.StorageService;
				PRODUCT_NAME = "$(TARGET_NAME:c99extidentifier)";
				SKIP_INSTALL = YES;
				SUPPORTS_MACCATALYST = NO;
				SWIFT_OPTIMIZATION_LEVEL = "-Onone";
				SWIFT_VERSION = 5.0;
				TARGETED_DEVICE_FAMILY = 1;
				VERSIONING_SYSTEM = "apple-generic";
				VERSION_INFO_PREFIX = "";
			};
			name = Debug;
		};
		A530A363265E5D53001768E3 /* Release */ = {
			isa = XCBuildConfiguration;
			baseConfigurationReference = 5B97DD098053EAD69C81983A /* Pods-StorageService.release.xcconfig */;
			buildSettings = {
				CLANG_ENABLE_MODULES = YES;
				CLANG_WARN_QUOTED_INCLUDE_IN_FRAMEWORK_HEADER = YES;
				CODE_SIGN_STYLE = Automatic;
				CURRENT_PROJECT_VERSION = 1;
				DEFINES_MODULE = YES;
				DEVELOPMENT_TEAM = 79RZ866842;
				DYLIB_COMPATIBILITY_VERSION = 1;
				DYLIB_CURRENT_VERSION = 1;
				DYLIB_INSTALL_NAME_BASE = "@rpath";
				INFOPLIST_FILE = StorageService/Info.plist;
				INSTALL_PATH = "$(LOCAL_LIBRARY_DIR)/Frameworks";
				IPHONEOS_DEPLOYMENT_TARGET = 13.5;
				LD_RUNPATH_SEARCH_PATHS = (
					"$(inherited)",
					"@executable_path/Frameworks",
					"@loader_path/Frameworks",
				);
				PRODUCT_BUNDLE_IDENTIFIER = blank.StorageService;
				PRODUCT_NAME = "$(TARGET_NAME:c99extidentifier)";
				SKIP_INSTALL = YES;
				SUPPORTS_MACCATALYST = NO;
				SWIFT_VERSION = 5.0;
				TARGETED_DEVICE_FAMILY = 1;
				VERSIONING_SYSTEM = "apple-generic";
				VERSION_INFO_PREFIX = "";
			};
			name = Release;
		};
/* End XCBuildConfiguration section */

/* Begin XCConfigurationList section */
		060782A9250CE27700A87020 /* Build configuration list for PBXProject "Navigation" */ = {
			isa = XCConfigurationList;
			buildConfigurations = (
				060782C0250CE27A00A87020 /* Debug */,
				060782C1250CE27A00A87020 /* Release */,
			);
			defaultConfigurationIsVisible = 0;
			defaultConfigurationName = Release;
		};
		060782C2250CE27A00A87020 /* Build configuration list for PBXNativeTarget "Navigation" */ = {
			isa = XCConfigurationList;
			buildConfigurations = (
				060782C3250CE27A00A87020 /* Debug */,
				060782C4250CE27A00A87020 /* Release */,
			);
			defaultConfigurationIsVisible = 0;
			defaultConfigurationName = Release;
		};
		A530A364265E5D53001768E3 /* Build configuration list for PBXNativeTarget "StorageService" */ = {
			isa = XCConfigurationList;
			buildConfigurations = (
				A530A362265E5D53001768E3 /* Debug */,
				A530A363265E5D53001768E3 /* Release */,
			);
			defaultConfigurationIsVisible = 0;
			defaultConfigurationName = Release;
		};
/* End XCConfigurationList section */

/* Begin XCRemoteSwiftPackageReference section */
		A545C94B2679F07100C08CAF /* XCRemoteSwiftPackageReference "iOSIntPackage" */ = {
			isa = XCRemoteSwiftPackageReference;
			repositoryURL = "https://github.com/TrueMax/iOSIntPackage";
			requirement = {
				branch = imagepublisher;
				kind = branch;
			};
		};
/* End XCRemoteSwiftPackageReference section */

/* Begin XCSwiftPackageProductDependency section */
		A545C94C2679F07100C08CAF /* iOSIntPackage */ = {
			isa = XCSwiftPackageProductDependency;
			package = A545C94B2679F07100C08CAF /* XCRemoteSwiftPackageReference "iOSIntPackage" */;
			productName = iOSIntPackage;
		};
/* End XCSwiftPackageProductDependency section */

/* Begin XCVersionGroup section */
		A58D08EA27BD2738000C6D1E /* CoreDataModel.xcdatamodeld */ = {
			isa = XCVersionGroup;
			children = (
				A58D08EB27BD2738000C6D1E /* CoreDataModel.xcdatamodel */,
			);
			currentVersion = A58D08EB27BD2738000C6D1E /* CoreDataModel.xcdatamodel */;
			path = CoreDataModel.xcdatamodeld;
			sourceTree = "<group>";
			versionGroupType = wrapper.xcdatamodel;
		};
/* End XCVersionGroup section */
	};
	rootObject = 060782A6250CE27700A87020 /* Project object */;
}
