// !$*UTF8*$!
{
	archiveVersion = 1;
	classes = {
	};
	objectVersion = 50;
	objects = {

/* Begin PBXBuildFile section */
		A50986B1256AE44E0032D7E3 /* HabitDetailsViewController.swift in Sources */ = {isa = PBXBuildFile; fileRef = A50986B0256AE44E0032D7E3 /* HabitDetailsViewController.swift */; };
		A5613D162551BABB00AA0059 /* AddSubview.swift in Sources */ = {isa = PBXBuildFile; fileRef = A5613D152551BABB00AA0059 /* AddSubview.swift */; };
		A5808B03256C694A00EBAC8F /* DetailsTableViewCell.swift in Sources */ = {isa = PBXBuildFile; fileRef = A5808B02256C694A00EBAC8F /* DetailsTableViewCell.swift */; };
		A580D445255C5286004AFF78 /* HabitCollectionViewCell.swift in Sources */ = {isa = PBXBuildFile; fileRef = A580D444255C5286004AFF78 /* HabitCollectionViewCell.swift */; };
		A59F48942551DF8800BF039D /* HabitsStore.swift in Sources */ = {isa = PBXBuildFile; fileRef = A59F48932551DF8800BF039D /* HabitsStore.swift */; };
		A5CB2BCA25DFCB800024C221 /* Protocols.swift in Sources */ = {isa = PBXBuildFile; fileRef = A5CB2BC925DFCB800024C221 /* Protocols.swift */; };
		A5CFFD332555B591000B7D44 /* HabitViewController.swift in Sources */ = {isa = PBXBuildFile; fileRef = A5CFFD322555B591000B7D44 /* HabitViewController.swift */; };
		A5DD635C255C28E700C303B3 /* ProgressCollectionViewCell.swift in Sources */ = {isa = PBXBuildFile; fileRef = A5DD635B255C28E700C303B3 /* ProgressCollectionViewCell.swift */; };
		A5DD74902551919800632195 /* AppDelegate.swift in Sources */ = {isa = PBXBuildFile; fileRef = A5DD748F2551919800632195 /* AppDelegate.swift */; };
		A5DD74922551919800632195 /* SceneDelegate.swift in Sources */ = {isa = PBXBuildFile; fileRef = A5DD74912551919800632195 /* SceneDelegate.swift */; };
		A5DD74972551919800632195 /* Main.storyboard in Resources */ = {isa = PBXBuildFile; fileRef = A5DD74952551919800632195 /* Main.storyboard */; };
		A5DD74992551919900632195 /* Assets.xcassets in Resources */ = {isa = PBXBuildFile; fileRef = A5DD74982551919900632195 /* Assets.xcassets */; };
		A5DD749C2551919900632195 /* LaunchScreen.storyboard in Resources */ = {isa = PBXBuildFile; fileRef = A5DD749A2551919900632195 /* LaunchScreen.storyboard */; };
		A5DD74AA2551A7DF00632195 /* HabitsViewController.swift in Sources */ = {isa = PBXBuildFile; fileRef = A5DD74A92551A7DF00632195 /* HabitsViewController.swift */; };
		A5DD74AC2551A80B00632195 /* InfoViewController.swift in Sources */ = {isa = PBXBuildFile; fileRef = A5DD74AB2551A80B00632195 /* InfoViewController.swift */; };
/* End PBXBuildFile section */

/* Begin PBXFileReference section */
		A50986B0256AE44E0032D7E3 /* HabitDetailsViewController.swift */ = {isa = PBXFileReference; lastKnownFileType = sourcecode.swift; path = HabitDetailsViewController.swift; sourceTree = "<group>"; };
		A5613D152551BABB00AA0059 /* AddSubview.swift */ = {isa = PBXFileReference; lastKnownFileType = sourcecode.swift; path = AddSubview.swift; sourceTree = "<group>"; };
		A5808B02256C694A00EBAC8F /* DetailsTableViewCell.swift */ = {isa = PBXFileReference; lastKnownFileType = sourcecode.swift; path = DetailsTableViewCell.swift; sourceTree = "<group>"; };
		A580D444255C5286004AFF78 /* HabitCollectionViewCell.swift */ = {isa = PBXFileReference; lastKnownFileType = sourcecode.swift; path = HabitCollectionViewCell.swift; sourceTree = "<group>"; };
		A59F48932551DF8800BF039D /* HabitsStore.swift */ = {isa = PBXFileReference; lastKnownFileType = sourcecode.swift; path = HabitsStore.swift; sourceTree = "<group>"; };
		A5CB2BC925DFCB800024C221 /* Protocols.swift */ = {isa = PBXFileReference; lastKnownFileType = sourcecode.swift; path = Protocols.swift; sourceTree = "<group>"; };
		A5CFFD322555B591000B7D44 /* HabitViewController.swift */ = {isa = PBXFileReference; lastKnownFileType = sourcecode.swift; path = HabitViewController.swift; sourceTree = "<group>"; };
		A5DD635B255C28E700C303B3 /* ProgressCollectionViewCell.swift */ = {isa = PBXFileReference; lastKnownFileType = sourcecode.swift; path = ProgressCollectionViewCell.swift; sourceTree = "<group>"; };
		A5DD748C2551919800632195 /* MyHabits.app */ = {isa = PBXFileReference; explicitFileType = wrapper.application; includeInIndex = 0; path = MyHabits.app; sourceTree = BUILT_PRODUCTS_DIR; };
		A5DD748F2551919800632195 /* AppDelegate.swift */ = {isa = PBXFileReference; lastKnownFileType = sourcecode.swift; path = AppDelegate.swift; sourceTree = "<group>"; };
		A5DD74912551919800632195 /* SceneDelegate.swift */ = {isa = PBXFileReference; lastKnownFileType = sourcecode.swift; path = SceneDelegate.swift; sourceTree = "<group>"; };
		A5DD74962551919800632195 /* Base */ = {isa = PBXFileReference; lastKnownFileType = file.storyboard; name = Base; path = Base.lproj/Main.storyboard; sourceTree = "<group>"; };
		A5DD74982551919900632195 /* Assets.xcassets */ = {isa = PBXFileReference; lastKnownFileType = folder.assetcatalog; path = Assets.xcassets; sourceTree = "<group>"; };
		A5DD749B2551919900632195 /* Base */ = {isa = PBXFileReference; lastKnownFileType = file.storyboard; name = Base; path = Base.lproj/LaunchScreen.storyboard; sourceTree = "<group>"; };
		A5DD749D2551919900632195 /* Info.plist */ = {isa = PBXFileReference; lastKnownFileType = text.plist.xml; path = Info.plist; sourceTree = "<group>"; };
		A5DD74A92551A7DF00632195 /* HabitsViewController.swift */ = {isa = PBXFileReference; lastKnownFileType = sourcecode.swift; path = HabitsViewController.swift; sourceTree = "<group>"; };
		A5DD74AB2551A80B00632195 /* InfoViewController.swift */ = {isa = PBXFileReference; lastKnownFileType = sourcecode.swift; path = InfoViewController.swift; sourceTree = "<group>"; };
/* End PBXFileReference section */

/* Begin PBXFrameworksBuildPhase section */
		A5DD74892551919800632195 /* Frameworks */ = {
			isa = PBXFrameworksBuildPhase;
			buildActionMask = 2147483647;
			files = (
			);
			runOnlyForDeploymentPostprocessing = 0;
		};
/* End PBXFrameworksBuildPhase section */

/* Begin PBXGroup section */
		A55BA85D256FE8CF00AF14BF /* Habits Tab */ = {
			isa = PBXGroup;
			children = (
				A5CFFD322555B591000B7D44 /* HabitViewController.swift */,
				A5DD74A92551A7DF00632195 /* HabitsViewController.swift */,
				A50986B0256AE44E0032D7E3 /* HabitDetailsViewController.swift */,
			);
			path = "Habits Tab";
			sourceTree = "<group>";
		};
		A55BA85E256FE94200AF14BF /* Info Tab */ = {
			isa = PBXGroup;
			children = (
				A5DD74AB2551A80B00632195 /* InfoViewController.swift */,
			);
			path = "Info Tab";
			sourceTree = "<group>";
		};
		A5613D142551BAAB00AA0059 /* Helpers */ = {
			isa = PBXGroup;
			children = (
				A5613D152551BABB00AA0059 /* AddSubview.swift */,
				A5CB2BC925DFCB800024C221 /* Protocols.swift */,
			);
			path = Helpers;
			sourceTree = "<group>";
		};
		A5DD635A255C28D000C303B3 /* Cells */ = {
			isa = PBXGroup;
			children = (
				A5DD635B255C28E700C303B3 /* ProgressCollectionViewCell.swift */,
				A580D444255C5286004AFF78 /* HabitCollectionViewCell.swift */,
				A5808B02256C694A00EBAC8F /* DetailsTableViewCell.swift */,
			);
			path = Cells;
			sourceTree = "<group>";
		};
		A5DD74832551919800632195 = {
			isa = PBXGroup;
			children = (
				A5613D142551BAAB00AA0059 /* Helpers */,
				A5DD748E2551919800632195 /* MyHabits */,
				A5DD748D2551919800632195 /* Products */,
			);
			sourceTree = "<group>";
		};
		A5DD748D2551919800632195 /* Products */ = {
			isa = PBXGroup;
			children = (
				A5DD748C2551919800632195 /* MyHabits.app */,
			);
			name = Products;
			sourceTree = "<group>";
		};
		A5DD748E2551919800632195 /* MyHabits */ = {
			isa = PBXGroup;
			children = (
				A5DD748F2551919800632195 /* AppDelegate.swift */,
				A5DD74912551919800632195 /* SceneDelegate.swift */,
				A59F48932551DF8800BF039D /* HabitsStore.swift */,
				A55BA85E256FE94200AF14BF /* Info Tab */,
				A55BA85D256FE8CF00AF14BF /* Habits Tab */,
				A5DD635A255C28D000C303B3 /* Cells */,
				A5DD74982551919900632195 /* Assets.xcassets */,
				A5DD74952551919800632195 /* Main.storyboard */,
				A5DD749A2551919900632195 /* LaunchScreen.storyboard */,
				A5DD749D2551919900632195 /* Info.plist */,
			);
			path = MyHabits;
			sourceTree = "<group>";
		};
/* End PBXGroup section */

/* Begin PBXNativeTarget section */
		A5DD748B2551919800632195 /* MyHabits */ = {
			isa = PBXNativeTarget;
			buildConfigurationList = A5DD74A02551919900632195 /* Build configuration list for PBXNativeTarget "MyHabits" */;
			buildPhases = (
				A5DD74882551919800632195 /* Sources */,
				A5DD74892551919800632195 /* Frameworks */,
				A5DD748A2551919800632195 /* Resources */,
			);
			buildRules = (
			);
			dependencies = (
			);
			name = MyHabits;
			productName = MyHabits;
			productReference = A5DD748C2551919800632195 /* MyHabits.app */;
			productType = "com.apple.product-type.application";
		};
/* End PBXNativeTarget section */

/* Begin PBXProject section */
		A5DD74842551919800632195 /* Project object */ = {
			isa = PBXProject;
			attributes = {
				LastSwiftUpdateCheck = 1150;
				LastUpgradeCheck = 1150;
				ORGANIZATIONNAME = Sergey;
				TargetAttributes = {
					A5DD748B2551919800632195 = {
						CreatedOnToolsVersion = 11.5;
					};
				};
			};
			buildConfigurationList = A5DD74872551919800632195 /* Build configuration list for PBXProject "MyHabits" */;
			compatibilityVersion = "Xcode 9.3";
			developmentRegion = en;
			hasScannedForEncodings = 0;
			knownRegions = (
				en,
				Base,
			);
			mainGroup = A5DD74832551919800632195;
			productRefGroup = A5DD748D2551919800632195 /* Products */;
			projectDirPath = "";
			projectRoot = "";
			targets = (
				A5DD748B2551919800632195 /* MyHabits */,
			);
		};
/* End PBXProject section */

/* Begin PBXResourcesBuildPhase section */
		A5DD748A2551919800632195 /* Resources */ = {
			isa = PBXResourcesBuildPhase;
			buildActionMask = 2147483647;
			files = (
				A5DD749C2551919900632195 /* LaunchScreen.storyboard in Resources */,
				A5DD74992551919900632195 /* Assets.xcassets in Resources */,
				A5DD74972551919800632195 /* Main.storyboard in Resources */,
			);
			runOnlyForDeploymentPostprocessing = 0;
		};
/* End PBXResourcesBuildPhase section */

/* Begin PBXSourcesBuildPhase section */
		A5DD74882551919800632195 /* Sources */ = {
			isa = PBXSourcesBuildPhase;
			buildActionMask = 2147483647;
			files = (
				A59F48942551DF8800BF039D /* HabitsStore.swift in Sources */,
				A5613D162551BABB00AA0059 /* AddSubview.swift in Sources */,
				A580D445255C5286004AFF78 /* HabitCollectionViewCell.swift in Sources */,
				A5CB2BCA25DFCB800024C221 /* Protocols.swift in Sources */,
				A5CFFD332555B591000B7D44 /* HabitViewController.swift in Sources */,
				A5DD74902551919800632195 /* AppDelegate.swift in Sources */,
				A5808B03256C694A00EBAC8F /* DetailsTableViewCell.swift in Sources */,
				A5DD74922551919800632195 /* SceneDelegate.swift in Sources */,
				A5DD74AA2551A7DF00632195 /* HabitsViewController.swift in Sources */,
				A5DD635C255C28E700C303B3 /* ProgressCollectionViewCell.swift in Sources */,
				A50986B1256AE44E0032D7E3 /* HabitDetailsViewController.swift in Sources */,
				A5DD74AC2551A80B00632195 /* InfoViewController.swift in Sources */,
			);
			runOnlyForDeploymentPostprocessing = 0;
		};
/* End PBXSourcesBuildPhase section */

/* Begin PBXVariantGroup section */
		A5DD74952551919800632195 /* Main.storyboard */ = {
			isa = PBXVariantGroup;
			children = (
				A5DD74962551919800632195 /* Base */,
			);
			name = Main.storyboard;
			sourceTree = "<group>";
		};
		A5DD749A2551919900632195 /* LaunchScreen.storyboard */ = {
			isa = PBXVariantGroup;
			children = (
				A5DD749B2551919900632195 /* Base */,
			);
			name = LaunchScreen.storyboard;
			sourceTree = "<group>";
		};
/* End PBXVariantGroup section */

/* Begin XCBuildConfiguration section */
		A5DD749E2551919900632195 /* Debug */ = {
			isa = XCBuildConfiguration;
			buildSettings = {
				ALWAYS_SEARCH_USER_PATHS = NO;
				CLANG_ANALYZER_NONNULL = YES;
				CLANG_ANALYZER_NUMBER_OBJECT_CONVERSION = YES_AGGRESSIVE;
				CLANG_CXX_LANGUAGE_STANDARD = "gnu++14";
				CLANG_CXX_LIBRARY = "libc++";
				CLANG_ENABLE_MODULES = YES;
				CLANG_ENABLE_OBJC_ARC = YES;
				CLANG_ENABLE_OBJC_WEAK = YES;
				CLANG_WARN_BLOCK_CAPTURE_AUTORELEASING = YES;
				CLANG_WARN_BOOL_CONVERSION = YES;
				CLANG_WARN_COMMA = YES;
				CLANG_WARN_CONSTANT_CONVERSION = YES;
				CLANG_WARN_DEPRECATED_OBJC_IMPLEMENTATIONS = YES;
				CLANG_WARN_DIRECT_OBJC_ISA_USAGE = YES_ERROR;
				CLANG_WARN_DOCUMENTATION_COMMENTS = YES;
				CLANG_WARN_EMPTY_BODY = YES;
				CLANG_WARN_ENUM_CONVERSION = YES;
				CLANG_WARN_INFINITE_RECURSION = YES;
				CLANG_WARN_INT_CONVERSION = YES;
				CLANG_WARN_NON_LITERAL_NULL_CONVERSION = YES;
				CLANG_WARN_OBJC_IMPLICIT_RETAIN_SELF = YES;
				CLANG_WARN_OBJC_LITERAL_CONVERSION = YES;
				CLANG_WARN_OBJC_ROOT_CLASS = YES_ERROR;
				CLANG_WARN_RANGE_LOOP_ANALYSIS = YES;
				CLANG_WARN_STRICT_PROTOTYPES = YES;
				CLANG_WARN_SUSPICIOUS_MOVE = YES;
				CLANG_WARN_UNGUARDED_AVAILABILITY = YES_AGGRESSIVE;
				CLANG_WARN_UNREACHABLE_CODE = YES;
				CLANG_WARN__DUPLICATE_METHOD_MATCH = YES;
				COPY_PHASE_STRIP = NO;
				DEBUG_INFORMATION_FORMAT = dwarf;
				ENABLE_STRICT_OBJC_MSGSEND = YES;
				ENABLE_TESTABILITY = YES;
				GCC_C_LANGUAGE_STANDARD = gnu11;
				GCC_DYNAMIC_NO_PIC = NO;
				GCC_NO_COMMON_BLOCKS = YES;
				GCC_OPTIMIZATION_LEVEL = 0;
				GCC_PREPROCESSOR_DEFINITIONS = (
					"DEBUG=1",
					"$(inherited)",
				);
				GCC_WARN_64_TO_32_BIT_CONVERSION = YES;
				GCC_WARN_ABOUT_RETURN_TYPE = YES_ERROR;
				GCC_WARN_UNDECLARED_SELECTOR = YES;
				GCC_WARN_UNINITIALIZED_AUTOS = YES_AGGRESSIVE;
				GCC_WARN_UNUSED_FUNCTION = YES;
				GCC_WARN_UNUSED_VARIABLE = YES;
				IPHONEOS_DEPLOYMENT_TARGET = 13.5;
				MTL_ENABLE_DEBUG_INFO = INCLUDE_SOURCE;
				MTL_FAST_MATH = YES;
				ONLY_ACTIVE_ARCH = YES;
				SDKROOT = iphoneos;
				SWIFT_ACTIVE_COMPILATION_CONDITIONS = DEBUG;
				SWIFT_OPTIMIZATION_LEVEL = "-Onone";
			};
			name = Debug;
		};
		A5DD749F2551919900632195 /* Release */ = {
			isa = XCBuildConfiguration;
			buildSettings = {
				ALWAYS_SEARCH_USER_PATHS = NO;
				CLANG_ANALYZER_NONNULL = YES;
				CLANG_ANALYZER_NUMBER_OBJECT_CONVERSION = YES_AGGRESSIVE;
				CLANG_CXX_LANGUAGE_STANDARD = "gnu++14";
				CLANG_CXX_LIBRARY = "libc++";
				CLANG_ENABLE_MODULES = YES;
				CLANG_ENABLE_OBJC_ARC = YES;
				CLANG_ENABLE_OBJC_WEAK = YES;
				CLANG_WARN_BLOCK_CAPTURE_AUTORELEASING = YES;
				CLANG_WARN_BOOL_CONVERSION = YES;
				CLANG_WARN_COMMA = YES;
				CLANG_WARN_CONSTANT_CONVERSION = YES;
				CLANG_WARN_DEPRECATED_OBJC_IMPLEMENTATIONS = YES;
				CLANG_WARN_DIRECT_OBJC_ISA_USAGE = YES_ERROR;
				CLANG_WARN_DOCUMENTATION_COMMENTS = YES;
				CLANG_WARN_EMPTY_BODY = YES;
				CLANG_WARN_ENUM_CONVERSION = YES;
				CLANG_WARN_INFINITE_RECURSION = YES;
				CLANG_WARN_INT_CONVERSION = YES;
				CLANG_WARN_NON_LITERAL_NULL_CONVERSION = YES;
				CLANG_WARN_OBJC_IMPLICIT_RETAIN_SELF = YES;
				CLANG_WARN_OBJC_LITERAL_CONVERSION = YES;
				CLANG_WARN_OBJC_ROOT_CLASS = YES_ERROR;
				CLANG_WARN_RANGE_LOOP_ANALYSIS = YES;
				CLANG_WARN_STRICT_PROTOTYPES = YES;
				CLANG_WARN_SUSPICIOUS_MOVE = YES;
				CLANG_WARN_UNGUARDED_AVAILABILITY = YES_AGGRESSIVE;
				CLANG_WARN_UNREACHABLE_CODE = YES;
				CLANG_WARN__DUPLICATE_METHOD_MATCH = YES;
				COPY_PHASE_STRIP = NO;
				DEBUG_INFORMATION_FORMAT = "dwarf-with-dsym";
				ENABLE_NS_ASSERTIONS = NO;
				ENABLE_STRICT_OBJC_MSGSEND = YES;
				GCC_C_LANGUAGE_STANDARD = gnu11;
				GCC_NO_COMMON_BLOCKS = YES;
				GCC_WARN_64_TO_32_BIT_CONVERSION = YES;
				GCC_WARN_ABOUT_RETURN_TYPE = YES_ERROR;
				GCC_WARN_UNDECLARED_SELECTOR = YES;
				GCC_WARN_UNINITIALIZED_AUTOS = YES_AGGRESSIVE;
				GCC_WARN_UNUSED_FUNCTION = YES;
				GCC_WARN_UNUSED_VARIABLE = YES;
				IPHONEOS_DEPLOYMENT_TARGET = 13.5;
				MTL_ENABLE_DEBUG_INFO = NO;
				MTL_FAST_MATH = YES;
				SDKROOT = iphoneos;
				SWIFT_COMPILATION_MODE = wholemodule;
				SWIFT_OPTIMIZATION_LEVEL = "-O";
				VALIDATE_PRODUCT = YES;
			};
			name = Release;
		};
		A5DD74A12551919900632195 /* Debug */ = {
			isa = XCBuildConfiguration;
			buildSettings = {
				ASSETCATALOG_COMPILER_APPICON_NAME = AppIcon;
				CODE_SIGN_STYLE = Automatic;
				DEVELOPMENT_TEAM = LT772WDFTX;
				INFOPLIST_FILE = MyHabits/Info.plist;
				LD_RUNPATH_SEARCH_PATHS = (
					"$(inherited)",
					"@executable_path/Frameworks",
				);
				PRODUCT_BUNDLE_IDENTIFIER = blank.MyHabits;
				PRODUCT_NAME = "$(TARGET_NAME)";
				SWIFT_VERSION = 5.0;
				TARGETED_DEVICE_FAMILY = "1,2";
			};
			name = Debug;
		};
		A5DD74A22551919900632195 /* Release */ = {
			isa = XCBuildConfiguration;
			buildSettings = {
				ASSETCATALOG_COMPILER_APPICON_NAME = AppIcon;
				CODE_SIGN_STYLE = Automatic;
				DEVELOPMENT_TEAM = LT772WDFTX;
				INFOPLIST_FILE = MyHabits/Info.plist;
				LD_RUNPATH_SEARCH_PATHS = (
					"$(inherited)",
					"@executable_path/Frameworks",
				);
				PRODUCT_BUNDLE_IDENTIFIER = blank.MyHabits;
				PRODUCT_NAME = "$(TARGET_NAME)";
				SWIFT_VERSION = 5.0;
				TARGETED_DEVICE_FAMILY = "1,2";
			};
			name = Release;
		};
/* End XCBuildConfiguration section */

/* Begin XCConfigurationList section */
		A5DD74872551919800632195 /* Build configuration list for PBXProject "MyHabits" */ = {
			isa = XCConfigurationList;
			buildConfigurations = (
				A5DD749E2551919900632195 /* Debug */,
				A5DD749F2551919900632195 /* Release */,
			);
			defaultConfigurationIsVisible = 0;
			defaultConfigurationName = Release;
		};
		A5DD74A02551919900632195 /* Build configuration list for PBXNativeTarget "MyHabits" */ = {
			isa = XCConfigurationList;
			buildConfigurations = (
				A5DD74A12551919900632195 /* Debug */,
				A5DD74A22551919900632195 /* Release */,
			);
			defaultConfigurationIsVisible = 0;
			defaultConfigurationName = Release;
		};
/* End XCConfigurationList section */
	};
	rootObject = A5DD74842551919800632195 /* Project object */;
}
